// !$*UTF8*$!
{
	archiveVersion = 1;
	classes = {
	};
	objectVersion = 50;
	objects = {

/* Begin PBXBuildFile section */
		FA00567F23E7AAFE004E5782 /* CoreDataStack.swift in Sources */ = {isa = PBXBuildFile; fileRef = FA00567E23E7AAFE004E5782 /* CoreDataStack.swift */; };
		FA00568223E7B544004E5782 /* NewsController.swift in Sources */ = {isa = PBXBuildFile; fileRef = FA00568123E7B544004E5782 /* NewsController.swift */; };
		FA00568423E7B678004E5782 /* News.swift in Sources */ = {isa = PBXBuildFile; fileRef = FA00568323E7B678004E5782 /* News.swift */; };
		FA00568623E7BF8D004E5782 /* NewsTableViewController.swift in Sources */ = {isa = PBXBuildFile; fileRef = FA00568523E7BF8D004E5782 /* NewsTableViewController.swift */; };
		FA00568823E7C02A004E5782 /* NewsTableViewCell.swift in Sources */ = {isa = PBXBuildFile; fileRef = FA00568723E7C02A004E5782 /* NewsTableViewCell.swift */; };
		FA516C1923E70A8F00A573C7 /* SettingsTableViewController.swift in Sources */ = {isa = PBXBuildFile; fileRef = FA516C1823E70A8F00A573C7 /* SettingsTableViewController.swift */; };
		FA516C1B23E70AA300A573C7 /* PlantsTableViewController.swift in Sources */ = {isa = PBXBuildFile; fileRef = FA516C1A23E70AA300A573C7 /* PlantsTableViewController.swift */; };
		FA516C1D23E70B3B00A573C7 /* PlantsTableViewCell.swift in Sources */ = {isa = PBXBuildFile; fileRef = FA516C1C23E70B3B00A573C7 /* PlantsTableViewCell.swift */; };
		FA9BF14923E51B34005D8C91 /* AppDelegate.swift in Sources */ = {isa = PBXBuildFile; fileRef = FA9BF14823E51B34005D8C91 /* AppDelegate.swift */; };
		FA9BF14B23E51B34005D8C91 /* SceneDelegate.swift in Sources */ = {isa = PBXBuildFile; fileRef = FA9BF14A23E51B34005D8C91 /* SceneDelegate.swift */; };
		FA9BF15223E51B34005D8C91 /* Main.storyboard in Resources */ = {isa = PBXBuildFile; fileRef = FA9BF15023E51B34005D8C91 /* Main.storyboard */; };
		FA9BF15523E51B34005D8C91 /* Plants.xcdatamodeld in Sources */ = {isa = PBXBuildFile; fileRef = FA9BF15323E51B34005D8C91 /* Plants.xcdatamodeld */; };
		FA9BF15723E51B37005D8C91 /* Assets.xcassets in Resources */ = {isa = PBXBuildFile; fileRef = FA9BF15623E51B37005D8C91 /* Assets.xcassets */; };
		FA9BF15A23E51B37005D8C91 /* LaunchScreen.storyboard in Resources */ = {isa = PBXBuildFile; fileRef = FA9BF15823E51B37005D8C91 /* LaunchScreen.storyboard */; };
		FA9BF16923E51C55005D8C91 /* Plant+Convenience.swift in Sources */ = {isa = PBXBuildFile; fileRef = FA9BF16823E51C55005D8C91 /* Plant+Convenience.swift */; };
		FAF9512B23E5EEFE00B41C3A /* Login.storyboard in Resources */ = {isa = PBXBuildFile; fileRef = FAF9512A23E5EEFE00B41C3A /* Login.storyboard */; };
		FAF9512F23E5F04700B41C3A /* HomeViewController.swift in Sources */ = {isa = PBXBuildFile; fileRef = FAF9512E23E5F04700B41C3A /* HomeViewController.swift */; };
		FAF9513123E5F07300B41C3A /* PlantsViewController.swift in Sources */ = {isa = PBXBuildFile; fileRef = FAF9513023E5F07300B41C3A /* PlantsViewController.swift */; };
		FAF9513323E5F0AB00B41C3A /* PlantDetailViewController.swift in Sources */ = {isa = PBXBuildFile; fileRef = FAF9513223E5F0AB00B41C3A /* PlantDetailViewController.swift */; };
		FAF9513523E5F0D600B41C3A /* SettingsViewController.swift in Sources */ = {isa = PBXBuildFile; fileRef = FAF9513423E5F0D600B41C3A /* SettingsViewController.swift */; };
/* End PBXBuildFile section */

/* Begin PBXFileReference section */
		FA00567E23E7AAFE004E5782 /* CoreDataStack.swift */ = {isa = PBXFileReference; lastKnownFileType = sourcecode.swift; path = CoreDataStack.swift; sourceTree = "<group>"; };
		FA00568123E7B544004E5782 /* NewsController.swift */ = {isa = PBXFileReference; lastKnownFileType = sourcecode.swift; path = NewsController.swift; sourceTree = "<group>"; };
		FA00568323E7B678004E5782 /* News.swift */ = {isa = PBXFileReference; lastKnownFileType = sourcecode.swift; path = News.swift; sourceTree = "<group>"; };
		FA00568523E7BF8D004E5782 /* NewsTableViewController.swift */ = {isa = PBXFileReference; lastKnownFileType = sourcecode.swift; path = NewsTableViewController.swift; sourceTree = "<group>"; };
		FA00568723E7C02A004E5782 /* NewsTableViewCell.swift */ = {isa = PBXFileReference; lastKnownFileType = sourcecode.swift; path = NewsTableViewCell.swift; sourceTree = "<group>"; };
		FA516C1823E70A8F00A573C7 /* SettingsTableViewController.swift */ = {isa = PBXFileReference; lastKnownFileType = sourcecode.swift; path = SettingsTableViewController.swift; sourceTree = "<group>"; };
		FA516C1A23E70AA300A573C7 /* PlantsTableViewController.swift */ = {isa = PBXFileReference; lastKnownFileType = sourcecode.swift; path = PlantsTableViewController.swift; sourceTree = "<group>"; };
		FA516C1C23E70B3B00A573C7 /* PlantsTableViewCell.swift */ = {isa = PBXFileReference; lastKnownFileType = sourcecode.swift; path = PlantsTableViewCell.swift; sourceTree = "<group>"; };
		FA9BF14523E51B34005D8C91 /* Plants.app */ = {isa = PBXFileReference; explicitFileType = wrapper.application; includeInIndex = 0; path = Plants.app; sourceTree = BUILT_PRODUCTS_DIR; };
		FA9BF14823E51B34005D8C91 /* AppDelegate.swift */ = {isa = PBXFileReference; lastKnownFileType = sourcecode.swift; path = AppDelegate.swift; sourceTree = "<group>"; };
		FA9BF14A23E51B34005D8C91 /* SceneDelegate.swift */ = {isa = PBXFileReference; lastKnownFileType = sourcecode.swift; path = SceneDelegate.swift; sourceTree = "<group>"; };
		FA9BF15123E51B34005D8C91 /* Base */ = {isa = PBXFileReference; lastKnownFileType = file.storyboard; name = Base; path = Base.lproj/Main.storyboard; sourceTree = "<group>"; };
		FA9BF15423E51B34005D8C91 /* Plants.xcdatamodel */ = {isa = PBXFileReference; lastKnownFileType = wrapper.xcdatamodel; path = Plants.xcdatamodel; sourceTree = "<group>"; };
		FA9BF15623E51B37005D8C91 /* Assets.xcassets */ = {isa = PBXFileReference; lastKnownFileType = folder.assetcatalog; path = Assets.xcassets; sourceTree = "<group>"; };
		FA9BF15923E51B37005D8C91 /* Base */ = {isa = PBXFileReference; lastKnownFileType = file.storyboard; name = Base; path = Base.lproj/LaunchScreen.storyboard; sourceTree = "<group>"; };
		FA9BF15B23E51B37005D8C91 /* Info.plist */ = {isa = PBXFileReference; lastKnownFileType = text.plist.xml; path = Info.plist; sourceTree = "<group>"; };
		FA9BF16823E51C55005D8C91 /* Plant+Convenience.swift */ = {isa = PBXFileReference; lastKnownFileType = sourcecode.swift; path = "Plant+Convenience.swift"; sourceTree = "<group>"; };
		FAF9512A23E5EEFE00B41C3A /* Login.storyboard */ = {isa = PBXFileReference; lastKnownFileType = file.storyboard; path = Login.storyboard; sourceTree = "<group>"; };
		FAF9512E23E5F04700B41C3A /* HomeViewController.swift */ = {isa = PBXFileReference; lastKnownFileType = sourcecode.swift; path = HomeViewController.swift; sourceTree = "<group>"; };
		FAF9513023E5F07300B41C3A /* PlantsViewController.swift */ = {isa = PBXFileReference; lastKnownFileType = sourcecode.swift; path = PlantsViewController.swift; sourceTree = "<group>"; };
		FAF9513223E5F0AB00B41C3A /* PlantDetailViewController.swift */ = {isa = PBXFileReference; lastKnownFileType = sourcecode.swift; path = PlantDetailViewController.swift; sourceTree = "<group>"; };
		FAF9513423E5F0D600B41C3A /* SettingsViewController.swift */ = {isa = PBXFileReference; lastKnownFileType = sourcecode.swift; path = SettingsViewController.swift; sourceTree = "<group>"; };
/* End PBXFileReference section */

/* Begin PBXFrameworksBuildPhase section */
		FA9BF14223E51B34005D8C91 /* Frameworks */ = {
			isa = PBXFrameworksBuildPhase;
			buildActionMask = 2147483647;
			files = (
			);
			runOnlyForDeploymentPostprocessing = 0;
		};
/* End PBXFrameworksBuildPhase section */

/* Begin PBXGroup section */
		FA00568023E7B534004E5782 /* News */ = {
			isa = PBXGroup;
			children = (
				FA00568123E7B544004E5782 /* NewsController.swift */,
				FA00568323E7B678004E5782 /* News.swift */,
			);
			path = News;
			sourceTree = "<group>";
		};
		FA9BF13C23E51B34005D8C91 = {
			isa = PBXGroup;
			children = (
				FA9BF14723E51B34005D8C91 /* Plants */,
				FA9BF14623E51B34005D8C91 /* Products */,
			);
			sourceTree = "<group>";
		};
		FA9BF14623E51B34005D8C91 /* Products */ = {
			isa = PBXGroup;
			children = (
				FA9BF14523E51B34005D8C91 /* Plants.app */,
			);
			name = Products;
			sourceTree = "<group>";
		};
		FA9BF14723E51B34005D8C91 /* Plants */ = {
			isa = PBXGroup;
			children = (
				FA9BF16B23E51C96005D8C91 /* FrontEnd */,
				FA9BF16A23E51C84005D8C91 /* CoreData */,
				FA9BF16623E51B65005D8C91 /* Authentication */,
				FA9BF16723E51B7B005D8C91 /* Resources */,
			);
			path = Plants;
			sourceTree = "<group>";
		};
		FA9BF16123E51B3E005D8C91 /* Views */ = {
			isa = PBXGroup;
			children = (
				FA9BF15023E51B34005D8C91 /* Main.storyboard */,
				FAF9512A23E5EEFE00B41C3A /* Login.storyboard */,
			);
			path = Views;
			sourceTree = "<group>";
		};
		FA9BF16223E51B46005D8C91 /* View Controllers */ = {
			isa = PBXGroup;
			children = (
				FAF9512E23E5F04700B41C3A /* HomeViewController.swift */,
				FA00568523E7BF8D004E5782 /* NewsTableViewController.swift */,
				FA00568723E7C02A004E5782 /* NewsTableViewCell.swift */,
				FAF9513023E5F07300B41C3A /* PlantsViewController.swift */,
				FA516C1A23E70AA300A573C7 /* PlantsTableViewController.swift */,
				FA516C1C23E70B3B00A573C7 /* PlantsTableViewCell.swift */,
				FAF9513223E5F0AB00B41C3A /* PlantDetailViewController.swift */,
				FAF9513423E5F0D600B41C3A /* SettingsViewController.swift */,
				FA516C1823E70A8F00A573C7 /* SettingsTableViewController.swift */,
			);
			path = "View Controllers";
			sourceTree = "<group>";
		};
		FA9BF16323E51B4F005D8C91 /* Models */ = {
			isa = PBXGroup;
			children = (
				FA9BF15323E51B34005D8C91 /* Plants.xcdatamodeld */,
				FA9BF16823E51C55005D8C91 /* Plant+Convenience.swift */,
				FA00567E23E7AAFE004E5782 /* CoreDataStack.swift */,
			);
			path = Models;
			sourceTree = "<group>";
		};
		FA9BF16423E51B54005D8C91 /* Model Controllers */ = {
			isa = PBXGroup;
			children = (
			);
			path = "Model Controllers";
			sourceTree = "<group>";
		};
		FA9BF16623E51B65005D8C91 /* Authentication */ = {
			isa = PBXGroup;
			children = (
				FA9BF16D23E51CAF005D8C91 /* Model Controllers */,
				FA9BF16C23E51CAB005D8C91 /* Models */,
			);
			path = Authentication;
			sourceTree = "<group>";
		};
		FA9BF16723E51B7B005D8C91 /* Resources */ = {
			isa = PBXGroup;
			children = (
				FA9BF15623E51B37005D8C91 /* Assets.xcassets */,
				FA9BF15823E51B37005D8C91 /* LaunchScreen.storyboard */,
				FA9BF15B23E51B37005D8C91 /* Info.plist */,
				FA9BF14A23E51B34005D8C91 /* SceneDelegate.swift */,
				FA9BF14823E51B34005D8C91 /* AppDelegate.swift */,
			);
			path = Resources;
			sourceTree = "<group>";
		};
		FA9BF16A23E51C84005D8C91 /* CoreData */ = {
			isa = PBXGroup;
			children = (
				FA9BF16423E51B54005D8C91 /* Model Controllers */,
				FA9BF16323E51B4F005D8C91 /* Models */,
			);
			path = CoreData;
			sourceTree = "<group>";
		};
		FA9BF16B23E51C96005D8C91 /* FrontEnd */ = {
			isa = PBXGroup;
			children = (
				FA00568023E7B534004E5782 /* News */,
				FA9BF16123E51B3E005D8C91 /* Views */,
				FA9BF16223E51B46005D8C91 /* View Controllers */,
			);
			path = FrontEnd;
			sourceTree = "<group>";
		};
		FA9BF16C23E51CAB005D8C91 /* Models */ = {
			isa = PBXGroup;
			children = (
			);
			path = Models;
			sourceTree = "<group>";
		};
		FA9BF16D23E51CAF005D8C91 /* Model Controllers */ = {
			isa = PBXGroup;
			children = (
			);
			path = "Model Controllers";
			sourceTree = "<group>";
		};
/* End PBXGroup section */

/* Begin PBXNativeTarget section */
		FA9BF14423E51B34005D8C91 /* Plants */ = {
			isa = PBXNativeTarget;
			buildConfigurationList = FA9BF15E23E51B37005D8C91 /* Build configuration list for PBXNativeTarget "Plants" */;
			buildPhases = (
				FA9BF14123E51B34005D8C91 /* Sources */,
				FA9BF14223E51B34005D8C91 /* Frameworks */,
				FA9BF14323E51B34005D8C91 /* Resources */,
			);
			buildRules = (
			);
			dependencies = (
			);
			name = Plants;
			productName = Plants;
			productReference = FA9BF14523E51B34005D8C91 /* Plants.app */;
			productType = "com.apple.product-type.application";
		};
/* End PBXNativeTarget section */

/* Begin PBXProject section */
		FA9BF13D23E51B34005D8C91 /* Project object */ = {
			isa = PBXProject;
			attributes = {
				LastSwiftUpdateCheck = 1130;
				LastUpgradeCheck = 1130;
				TargetAttributes = {
					FA9BF14423E51B34005D8C91 = {
						CreatedOnToolsVersion = 11.3.1;
					};
				};
			};
			buildConfigurationList = FA9BF14023E51B34005D8C91 /* Build configuration list for PBXProject "Plants" */;
			compatibilityVersion = "Xcode 9.3";
			developmentRegion = en;
			hasScannedForEncodings = 0;
			knownRegions = (
				en,
				Base,
			);
			mainGroup = FA9BF13C23E51B34005D8C91;
			productRefGroup = FA9BF14623E51B34005D8C91 /* Products */;
			projectDirPath = "";
			projectRoot = "";
			targets = (
				FA9BF14423E51B34005D8C91 /* Plants */,
			);
		};
/* End PBXProject section */

/* Begin PBXResourcesBuildPhase section */
		FA9BF14323E51B34005D8C91 /* Resources */ = {
			isa = PBXResourcesBuildPhase;
			buildActionMask = 2147483647;
			files = (
				FAF9512B23E5EEFE00B41C3A /* Login.storyboard in Resources */,
				FA9BF15A23E51B37005D8C91 /* LaunchScreen.storyboard in Resources */,
				FA9BF15723E51B37005D8C91 /* Assets.xcassets in Resources */,
				FA9BF15223E51B34005D8C91 /* Main.storyboard in Resources */,
			);
			runOnlyForDeploymentPostprocessing = 0;
		};
/* End PBXResourcesBuildPhase section */

/* Begin PBXSourcesBuildPhase section */
		FA9BF14123E51B34005D8C91 /* Sources */ = {
			isa = PBXSourcesBuildPhase;
			buildActionMask = 2147483647;
			files = (
				FA00568223E7B544004E5782 /* NewsController.swift in Sources */,
				FAF9512F23E5F04700B41C3A /* HomeViewController.swift in Sources */,
				FA00568823E7C02A004E5782 /* NewsTableViewCell.swift in Sources */,
				FA9BF16923E51C55005D8C91 /* Plant+Convenience.swift in Sources */,
				FA9BF15523E51B34005D8C91 /* Plants.xcdatamodeld in Sources */,
				FA00568423E7B678004E5782 /* News.swift in Sources */,
				FA00567F23E7AAFE004E5782 /* CoreDataStack.swift in Sources */,
				FA9BF14923E51B34005D8C91 /* AppDelegate.swift in Sources */,
				FAF9513123E5F07300B41C3A /* PlantsViewController.swift in Sources */,
				FA00568623E7BF8D004E5782 /* NewsTableViewController.swift in Sources */,
				FA516C1B23E70AA300A573C7 /* PlantsTableViewController.swift in Sources */,
				FA9BF14B23E51B34005D8C91 /* SceneDelegate.swift in Sources */,
				FAF9513323E5F0AB00B41C3A /* PlantDetailViewController.swift in Sources */,
				FA516C1D23E70B3B00A573C7 /* PlantsTableViewCell.swift in Sources */,
				FAF9513523E5F0D600B41C3A /* SettingsViewController.swift in Sources */,
				FA516C1923E70A8F00A573C7 /* SettingsTableViewController.swift in Sources */,
			);
			runOnlyForDeploymentPostprocessing = 0;
		};
/* End PBXSourcesBuildPhase section */

/* Begin PBXVariantGroup section */
		FA9BF15023E51B34005D8C91 /* Main.storyboard */ = {
			isa = PBXVariantGroup;
			children = (
				FA9BF15123E51B34005D8C91 /* Base */,
			);
			name = Main.storyboard;
			sourceTree = "<group>";
		};
		FA9BF15823E51B37005D8C91 /* LaunchScreen.storyboard */ = {
			isa = PBXVariantGroup;
			children = (
				FA9BF15923E51B37005D8C91 /* Base */,
			);
			name = LaunchScreen.storyboard;
			sourceTree = "<group>";
		};
/* End PBXVariantGroup section */

/* Begin XCBuildConfiguration section */
		FA9BF15C23E51B37005D8C91 /* Debug */ = {
			isa = XCBuildConfiguration;
			buildSettings = {
				ALWAYS_SEARCH_USER_PATHS = NO;
				CLANG_ANALYZER_NONNULL = YES;
				CLANG_ANALYZER_NUMBER_OBJECT_CONVERSION = YES_AGGRESSIVE;
				CLANG_CXX_LANGUAGE_STANDARD = "gnu++14";
				CLANG_CXX_LIBRARY = "libc++";
				CLANG_ENABLE_MODULES = YES;
				CLANG_ENABLE_OBJC_ARC = YES;
				CLANG_ENABLE_OBJC_WEAK = YES;
				CLANG_WARN_BLOCK_CAPTURE_AUTORELEASING = YES;
				CLANG_WARN_BOOL_CONVERSION = YES;
				CLANG_WARN_COMMA = YES;
				CLANG_WARN_CONSTANT_CONVERSION = YES;
				CLANG_WARN_DEPRECATED_OBJC_IMPLEMENTATIONS = YES;
				CLANG_WARN_DIRECT_OBJC_ISA_USAGE = YES_ERROR;
				CLANG_WARN_DOCUMENTATION_COMMENTS = YES;
				CLANG_WARN_EMPTY_BODY = YES;
				CLANG_WARN_ENUM_CONVERSION = YES;
				CLANG_WARN_INFINITE_RECURSION = YES;
				CLANG_WARN_INT_CONVERSION = YES;
				CLANG_WARN_NON_LITERAL_NULL_CONVERSION = YES;
				CLANG_WARN_OBJC_IMPLICIT_RETAIN_SELF = YES;
				CLANG_WARN_OBJC_LITERAL_CONVERSION = YES;
				CLANG_WARN_OBJC_ROOT_CLASS = YES_ERROR;
				CLANG_WARN_RANGE_LOOP_ANALYSIS = YES;
				CLANG_WARN_STRICT_PROTOTYPES = YES;
				CLANG_WARN_SUSPICIOUS_MOVE = YES;
				CLANG_WARN_UNGUARDED_AVAILABILITY = YES_AGGRESSIVE;
				CLANG_WARN_UNREACHABLE_CODE = YES;
				CLANG_WARN__DUPLICATE_METHOD_MATCH = YES;
				COPY_PHASE_STRIP = NO;
				DEBUG_INFORMATION_FORMAT = dwarf;
				ENABLE_STRICT_OBJC_MSGSEND = YES;
				ENABLE_TESTABILITY = YES;
				GCC_C_LANGUAGE_STANDARD = gnu11;
				GCC_DYNAMIC_NO_PIC = NO;
				GCC_NO_COMMON_BLOCKS = YES;
				GCC_OPTIMIZATION_LEVEL = 0;
				GCC_PREPROCESSOR_DEFINITIONS = (
					"DEBUG=1",
					"$(inherited)",
				);
				GCC_WARN_64_TO_32_BIT_CONVERSION = YES;
				GCC_WARN_ABOUT_RETURN_TYPE = YES_ERROR;
				GCC_WARN_UNDECLARED_SELECTOR = YES;
				GCC_WARN_UNINITIALIZED_AUTOS = YES_AGGRESSIVE;
				GCC_WARN_UNUSED_FUNCTION = YES;
				GCC_WARN_UNUSED_VARIABLE = YES;
				IPHONEOS_DEPLOYMENT_TARGET = 13.2;
				MTL_ENABLE_DEBUG_INFO = INCLUDE_SOURCE;
				MTL_FAST_MATH = YES;
				ONLY_ACTIVE_ARCH = YES;
				SDKROOT = iphoneos;
				SWIFT_ACTIVE_COMPILATION_CONDITIONS = DEBUG;
				SWIFT_OPTIMIZATION_LEVEL = "-Onone";
			};
			name = Debug;
		};
		FA9BF15D23E51B37005D8C91 /* Release */ = {
			isa = XCBuildConfiguration;
			buildSettings = {
				ALWAYS_SEARCH_USER_PATHS = NO;
				CLANG_ANALYZER_NONNULL = YES;
				CLANG_ANALYZER_NUMBER_OBJECT_CONVERSION = YES_AGGRESSIVE;
				CLANG_CXX_LANGUAGE_STANDARD = "gnu++14";
				CLANG_CXX_LIBRARY = "libc++";
				CLANG_ENABLE_MODULES = YES;
				CLANG_ENABLE_OBJC_ARC = YES;
				CLANG_ENABLE_OBJC_WEAK = YES;
				CLANG_WARN_BLOCK_CAPTURE_AUTORELEASING = YES;
				CLANG_WARN_BOOL_CONVERSION = YES;
				CLANG_WARN_COMMA = YES;
				CLANG_WARN_CONSTANT_CONVERSION = YES;
				CLANG_WARN_DEPRECATED_OBJC_IMPLEMENTATIONS = YES;
				CLANG_WARN_DIRECT_OBJC_ISA_USAGE = YES_ERROR;
				CLANG_WARN_DOCUMENTATION_COMMENTS = YES;
				CLANG_WARN_EMPTY_BODY = YES;
				CLANG_WARN_ENUM_CONVERSION = YES;
				CLANG_WARN_INFINITE_RECURSION = YES;
				CLANG_WARN_INT_CONVERSION = YES;
				CLANG_WARN_NON_LITERAL_NULL_CONVERSION = YES;
				CLANG_WARN_OBJC_IMPLICIT_RETAIN_SELF = YES;
				CLANG_WARN_OBJC_LITERAL_CONVERSION = YES;
				CLANG_WARN_OBJC_ROOT_CLASS = YES_ERROR;
				CLANG_WARN_RANGE_LOOP_ANALYSIS = YES;
				CLANG_WARN_STRICT_PROTOTYPES = YES;
				CLANG_WARN_SUSPICIOUS_MOVE = YES;
				CLANG_WARN_UNGUARDED_AVAILABILITY = YES_AGGRESSIVE;
				CLANG_WARN_UNREACHABLE_CODE = YES;
				CLANG_WARN__DUPLICATE_METHOD_MATCH = YES;
				COPY_PHASE_STRIP = NO;
				DEBUG_INFORMATION_FORMAT = "dwarf-with-dsym";
				ENABLE_NS_ASSERTIONS = NO;
				ENABLE_STRICT_OBJC_MSGSEND = YES;
				GCC_C_LANGUAGE_STANDARD = gnu11;
				GCC_NO_COMMON_BLOCKS = YES;
				GCC_WARN_64_TO_32_BIT_CONVERSION = YES;
				GCC_WARN_ABOUT_RETURN_TYPE = YES_ERROR;
				GCC_WARN_UNDECLARED_SELECTOR = YES;
				GCC_WARN_UNINITIALIZED_AUTOS = YES_AGGRESSIVE;
				GCC_WARN_UNUSED_FUNCTION = YES;
				GCC_WARN_UNUSED_VARIABLE = YES;
				IPHONEOS_DEPLOYMENT_TARGET = 13.2;
				MTL_ENABLE_DEBUG_INFO = NO;
				MTL_FAST_MATH = YES;
				SDKROOT = iphoneos;
				SWIFT_COMPILATION_MODE = wholemodule;
				SWIFT_OPTIMIZATION_LEVEL = "-O";
				VALIDATE_PRODUCT = YES;
			};
			name = Release;
		};
		FA9BF15F23E51B37005D8C91 /* Debug */ = {
			isa = XCBuildConfiguration;
			buildSettings = {
				ASSETCATALOG_COMPILER_APPICON_NAME = AppIcon;
				CODE_SIGN_STYLE = Automatic;
				INFOPLIST_FILE = Plants/Resources/Info.plist;
				LD_RUNPATH_SEARCH_PATHS = (
					"$(inherited)",
					"@executable_path/Frameworks",
				);
				PRODUCT_BUNDLE_IDENTIFIER = com.lambdaschool.Plants;
				PRODUCT_NAME = "$(TARGET_NAME)";
				SWIFT_VERSION = 5.0;
				TARGETED_DEVICE_FAMILY = "1,2";
			};
			name = Debug;
		};
		FA9BF16023E51B37005D8C91 /* Release */ = {
			isa = XCBuildConfiguration;
			buildSettings = {
				ASSETCATALOG_COMPILER_APPICON_NAME = AppIcon;
				CODE_SIGN_STYLE = Automatic;
				INFOPLIST_FILE = Plants/Resources/Info.plist;
				LD_RUNPATH_SEARCH_PATHS = (
					"$(inherited)",
					"@executable_path/Frameworks",
				);
				PRODUCT_BUNDLE_IDENTIFIER = com.lambdaschool.Plants;
				PRODUCT_NAME = "$(TARGET_NAME)";
				SWIFT_VERSION = 5.0;
				TARGETED_DEVICE_FAMILY = "1,2";
			};
			name = Release;
		};
/* End XCBuildConfiguration section */

/* Begin XCConfigurationList section */
		FA9BF14023E51B34005D8C91 /* Build configuration list for PBXProject "Plants" */ = {
			isa = XCConfigurationList;
			buildConfigurations = (
				FA9BF15C23E51B37005D8C91 /* Debug */,
				FA9BF15D23E51B37005D8C91 /* Release */,
			);
			defaultConfigurationIsVisible = 0;
			defaultConfigurationName = Release;
		};
		FA9BF15E23E51B37005D8C91 /* Build configuration list for PBXNativeTarget "Plants" */ = {
			isa = XCConfigurationList;
			buildConfigurations = (
				FA9BF15F23E51B37005D8C91 /* Debug */,
				FA9BF16023E51B37005D8C91 /* Release */,
			);
			defaultConfigurationIsVisible = 0;
			defaultConfigurationName = Release;
		};
/* End XCConfigurationList section */

/* Begin XCVersionGroup section */
		FA9BF15323E51B34005D8C91 /* Plants.xcdatamodeld */ = {
			isa = XCVersionGroup;
			children = (
				FA9BF15423E51B34005D8C91 /* Plants.xcdatamodel */,
			);
			currentVersion = FA9BF15423E51B34005D8C91 /* Plants.xcdatamodel */;
			path = Plants.xcdatamodeld;
			sourceTree = "<group>";
			versionGroupType = wrapper.xcdatamodel;
		};
/* End XCVersionGroup section */
	};
	rootObject = FA9BF13D23E51B34005D8C91 /* Project object */;
}
